
Microsoft Visual Studio Solution File, Format Version 12.00
# Visual Studio Version 17
VisualStudioVersion = 17.6.33801.468
MinimumVisualStudioVersion = 10.0.40219.1
Project("{FAE04EC0-301F-11D3-BF4B-00C04F79EFBC}") = "ConsoleApp2", "ConsoleApp2\ConsoleApp2.csproj", "{0DA31B89-DA36-4163-9E93-9276880E3997}"
EndProject
Global
	GlobalSection(SolutionConfigurationPlatforms) = preSolution
		Debug|Any CPU = Debug|Any CPU
		Release|Any CPU = Release|Any CPU
	EndGlobalSection
	GlobalSection(ProjectConfigurationPlatforms) = postSolution
		{0DA31B89-DA36-4163-9E93-9276880E3997}.Debug|Any CPU.ActiveCfg = Debug|Any CPU
		{0DA31B89-DA36-4163-9E93-9276880E3997}.Debug|Any CPU.Build.0 = Debug|Any CPU
		{0DA31B89-DA36-4163-9E93-9276880E3997}.Release|Any CPU.ActiveCfg = Release|Any CPU
		{0DA31B89-DA36-4163-9E93-9276880E3997}.Release|Any CPU.Build.0 = Release|Any CPU
	EndGlobalSection
	GlobalSection(SolutionProperties) = preSolution
		HideSolutionNode = FALSE
	EndGlobalSection
	GlobalSection(ExtensibilityGlobals) = postSolution
		SolutionGuid = {08D350D3-4B86-4E9B-AE36-856CD2AFFC24}
	EndGlobalSection
EndGlobal
